
Microsoft Visual Studio Solution File, Format Version 12.00
# Visual Studio Version 16
VisualStudioVersion = 16.0.29123.88
MinimumVisualStudioVersion = 10.0.40219.1
Project("{FAE04EC0-301F-11D3-BF4B-00C04F79EFBC}") = "Roots of quadratics", "Roots of quadratics\Roots of quadratics.csproj", "{EE4FA6CB-24A8-4537-A8C7-B04333507EF7}"
EndProject
Global
	GlobalSection(SolutionConfigurationPlatforms) = preSolution
		Debug|Any CPU = Debug|Any CPU
		Release|Any CPU = Release|Any CPU
	EndGlobalSection
	GlobalSection(ProjectConfigurationPlatforms) = postSolution
		{EE4FA6CB-24A8-4537-A8C7-B04333507EF7}.Debug|Any CPU.ActiveCfg = Debug|Any CPU
		{EE4FA6CB-24A8-4537-A8C7-B04333507EF7}.Debug|Any CPU.Build.0 = Debug|Any CPU
		{EE4FA6CB-24A8-4537-A8C7-B04333507EF7}.Release|Any CPU.ActiveCfg = Release|Any CPU
		{EE4FA6CB-24A8-4537-A8C7-B04333507EF7}.Release|Any CPU.Build.0 = Release|Any CPU
	EndGlobalSection
	GlobalSection(SolutionProperties) = preSolution
		HideSolutionNode = FALSE
	EndGlobalSection
	GlobalSection(ExtensibilityGlobals) = postSolution
		SolutionGuid = {E47851DF-6B3F-472F-98BB-50A5DEBDEE11}
	EndGlobalSection
EndGlobal
